
Microsoft Visual Studio Solution File, Format Version 12.00
# Visual Studio 15
VisualStudioVersion = 15.0.28307.1622
MinimumVisualStudioVersion = 10.0.40219.1
Project("{8BC9CEB8-8B4A-11D0-8D11-00A0C91BC942}") = "median", "median.vcxproj", "{5566C4E0-DC0A-463D-84BF-5D4927C6BEAB}"
EndProject
Global
	GlobalSection(SolutionConfigurationPlatforms) = preSolution
		Debug|ARM = Debug|ARM
		Debug|ARM64 = Debug|ARM64
		Debug|x64 = Debug|x64
		Debug|x86 = Debug|x86
		Release|ARM = Release|ARM
		Release|ARM64 = Release|ARM64
		Release|x64 = Release|x64
		Release|x86 = Release|x86
	EndGlobalSection
	GlobalSection(ProjectConfigurationPlatforms) = postSolution
		{5566C4E0-DC0A-463D-84BF-5D4927C6BEAB}.Debug|ARM.ActiveCfg = Debug|ARM
		{5566C4E0-DC0A-463D-84BF-5D4927C6BEAB}.Debug|ARM.Build.0 = Debug|ARM
		{5566C4E0-DC0A-463D-84BF-5D4927C6BEAB}.Debug|ARM64.ActiveCfg = Debug|ARM64
		{5566C4E0-DC0A-463D-84BF-5D4927C6BEAB}.Debug|ARM64.Build.0 = Debug|ARM64
		{5566C4E0-DC0A-463D-84BF-5D4927C6BEAB}.Debug|x64.ActiveCfg = Debug|x64
		{5566C4E0-DC0A-463D-84BF-5D4927C6BEAB}.Debug|x64.Build.0 = Debug|x64
		{5566C4E0-DC0A-463D-84BF-5D4927C6BEAB}.Debug|x86.ActiveCfg = Debug|x86
		{5566C4E0-DC0A-463D-84BF-5D4927C6BEAB}.Debug|x86.Build.0 = Debug|x86
		{5566C4E0-DC0A-463D-84BF-5D4927C6BEAB}.Release|ARM.ActiveCfg = Release|ARM
		{5566C4E0-DC0A-463D-84BF-5D4927C6BEAB}.Release|ARM.Build.0 = Release|ARM
		{5566C4E0-DC0A-463D-84BF-5D4927C6BEAB}.Release|ARM64.ActiveCfg = Release|ARM64
		{5566C4E0-DC0A-463D-84BF-5D4927C6BEAB}.Release|ARM64.Build.0 = Release|ARM64
		{5566C4E0-DC0A-463D-84BF-5D4927C6BEAB}.Release|x64.ActiveCfg = Release|x64
		{5566C4E0-DC0A-463D-84BF-5D4927C6BEAB}.Release|x64.Build.0 = Release|x64
		{5566C4E0-DC0A-463D-84BF-5D4927C6BEAB}.Release|x86.ActiveCfg = Release|x86
		{5566C4E0-DC0A-463D-84BF-5D4927C6BEAB}.Release|x86.Build.0 = Release|x86
	EndGlobalSection
	GlobalSection(SolutionProperties) = preSolution
		HideSolutionNode = FALSE
	EndGlobalSection
	GlobalSection(ExtensibilityGlobals) = postSolution
		SolutionGuid = {714FBABD-89AE-44EA-AC92-814CACAEA32D}
	EndGlobalSection
EndGlobal
